
Microsoft Visual Studio Solution File, Format Version 12.00
# Visual Studio 14
VisualStudioVersion = 14.0.23107.0
MinimumVisualStudioVersion = 10.0.40219.1
Project("{FAE04EC0-301F-11D3-BF4B-00C04F79EFBC}") = "Funktiot 1", "Funktiot\Funktiot 1.csproj", "{3C0379A9-BFC4-4BB4-B3A6-FEF5C21DE374}"
EndProject
Project("{FAE04EC0-301F-11D3-BF4B-00C04F79EFBC}") = "Funktiot 2", "ConsoleApplication1\Funktiot 2.csproj", "{C0B0A9E2-D965-4B85-BF5C-8D49480A3C11}"
EndProject
Global
	GlobalSection(SolutionConfigurationPlatforms) = preSolution
		Debug|Any CPU = Debug|Any CPU
		Release|Any CPU = Release|Any CPU
	EndGlobalSection
	GlobalSection(ProjectConfigurationPlatforms) = postSolution
		{3C0379A9-BFC4-4BB4-B3A6-FEF5C21DE374}.Debug|Any CPU.ActiveCfg = Debug|Any CPU
		{3C0379A9-BFC4-4BB4-B3A6-FEF5C21DE374}.Debug|Any CPU.Build.0 = Debug|Any CPU
		{3C0379A9-BFC4-4BB4-B3A6-FEF5C21DE374}.Release|Any CPU.ActiveCfg = Release|Any CPU
		{3C0379A9-BFC4-4BB4-B3A6-FEF5C21DE374}.Release|Any CPU.Build.0 = Release|Any CPU
		{C0B0A9E2-D965-4B85-BF5C-8D49480A3C11}.Debug|Any CPU.ActiveCfg = Debug|Any CPU
		{C0B0A9E2-D965-4B85-BF5C-8D49480A3C11}.Debug|Any CPU.Build.0 = Debug|Any CPU
		{C0B0A9E2-D965-4B85-BF5C-8D49480A3C11}.Release|Any CPU.ActiveCfg = Release|Any CPU
		{C0B0A9E2-D965-4B85-BF5C-8D49480A3C11}.Release|Any CPU.Build.0 = Release|Any CPU
	EndGlobalSection
	GlobalSection(SolutionProperties) = preSolution
		HideSolutionNode = FALSE
	EndGlobalSection
EndGlobal
