
Microsoft Visual Studio Solution File, Format Version 12.00
# Visual Studio 14
VisualStudioVersion = 14.0.23107.0
MinimumVisualStudioVersion = 10.0.40219.1
Project("{FAE04EC0-301F-11D3-BF4B-00C04F79EFBC}") = "conditional-statement", "conditional-statement\conditional-statement.csproj", "{EFD60617-9A03-4BBD-84C5-06BD35E66E5F}"
EndProject
Global
	GlobalSection(SolutionConfigurationPlatforms) = preSolution
		Debug|Any CPU = Debug|Any CPU
		Release|Any CPU = Release|Any CPU
	EndGlobalSection
	GlobalSection(ProjectConfigurationPlatforms) = postSolution
		{EFD60617-9A03-4BBD-84C5-06BD35E66E5F}.Debug|Any CPU.ActiveCfg = Debug|Any CPU
		{EFD60617-9A03-4BBD-84C5-06BD35E66E5F}.Debug|Any CPU.Build.0 = Debug|Any CPU
		{EFD60617-9A03-4BBD-84C5-06BD35E66E5F}.Release|Any CPU.ActiveCfg = Release|Any CPU
		{EFD60617-9A03-4BBD-84C5-06BD35E66E5F}.Release|Any CPU.Build.0 = Release|Any CPU
	EndGlobalSection
	GlobalSection(SolutionProperties) = preSolution
		HideSolutionNode = FALSE
	EndGlobalSection
EndGlobal
