
Microsoft Visual Studio Solution File, Format Version 12.00
# Visual Studio 14
VisualStudioVersion = 14.0.23107.0
MinimumVisualStudioVersion = 10.0.40219.1
Project("{FAE04EC0-301F-11D3-BF4B-00C04F79EFBC}") = "Task 1", "conditional-statement\Task 1.csproj", "{EFD60617-9A03-4BBD-84C5-06BD35E66E5F}"
EndProject
Project("{FAE04EC0-301F-11D3-BF4B-00C04F79EFBC}") = "Task 2", "ConsoleApplication1\Task 2.csproj", "{C8182FEB-BFBA-4578-B35E-846034E80F24}"
EndProject
Project("{FAE04EC0-301F-11D3-BF4B-00C04F79EFBC}") = "Task 3 - other way", "ConsoleApplication2\Task 3 - other way.csproj", "{F9F87B63-9003-4891-B753-131591C88DF6}"
EndProject
Project("{FAE04EC0-301F-11D3-BF4B-00C04F79EFBC}") = "Task 3", "ConsoleApplication3\Task 3.csproj", "{805EC3AB-3548-4A48-ABAD-589EC5311A2D}"
EndProject
Project("{FAE04EC0-301F-11D3-BF4B-00C04F79EFBC}") = "Task 4", "ConsoleApplication4\Task 4.csproj", "{FC65892E-3028-464D-AC72-7F69681C74E8}"
EndProject
Project("{FAE04EC0-301F-11D3-BF4B-00C04F79EFBC}") = "Task 5", "ConsoleApplication6\Task 5.csproj", "{F30C4512-038F-4471-93DC-A73383D018ED}"
EndProject
Global
	GlobalSection(SolutionConfigurationPlatforms) = preSolution
		Debug|Any CPU = Debug|Any CPU
		Release|Any CPU = Release|Any CPU
	EndGlobalSection
	GlobalSection(ProjectConfigurationPlatforms) = postSolution
		{EFD60617-9A03-4BBD-84C5-06BD35E66E5F}.Debug|Any CPU.ActiveCfg = Debug|Any CPU
		{EFD60617-9A03-4BBD-84C5-06BD35E66E5F}.Debug|Any CPU.Build.0 = Debug|Any CPU
		{EFD60617-9A03-4BBD-84C5-06BD35E66E5F}.Release|Any CPU.ActiveCfg = Release|Any CPU
		{EFD60617-9A03-4BBD-84C5-06BD35E66E5F}.Release|Any CPU.Build.0 = Release|Any CPU
		{C8182FEB-BFBA-4578-B35E-846034E80F24}.Debug|Any CPU.ActiveCfg = Debug|Any CPU
		{C8182FEB-BFBA-4578-B35E-846034E80F24}.Debug|Any CPU.Build.0 = Debug|Any CPU
		{C8182FEB-BFBA-4578-B35E-846034E80F24}.Release|Any CPU.ActiveCfg = Release|Any CPU
		{C8182FEB-BFBA-4578-B35E-846034E80F24}.Release|Any CPU.Build.0 = Release|Any CPU
		{F9F87B63-9003-4891-B753-131591C88DF6}.Debug|Any CPU.ActiveCfg = Debug|Any CPU
		{F9F87B63-9003-4891-B753-131591C88DF6}.Debug|Any CPU.Build.0 = Debug|Any CPU
		{F9F87B63-9003-4891-B753-131591C88DF6}.Release|Any CPU.ActiveCfg = Release|Any CPU
		{F9F87B63-9003-4891-B753-131591C88DF6}.Release|Any CPU.Build.0 = Release|Any CPU
		{805EC3AB-3548-4A48-ABAD-589EC5311A2D}.Debug|Any CPU.ActiveCfg = Debug|Any CPU
		{805EC3AB-3548-4A48-ABAD-589EC5311A2D}.Debug|Any CPU.Build.0 = Debug|Any CPU
		{805EC3AB-3548-4A48-ABAD-589EC5311A2D}.Release|Any CPU.ActiveCfg = Release|Any CPU
		{805EC3AB-3548-4A48-ABAD-589EC5311A2D}.Release|Any CPU.Build.0 = Release|Any CPU
		{FC65892E-3028-464D-AC72-7F69681C74E8}.Debug|Any CPU.ActiveCfg = Debug|Any CPU
		{FC65892E-3028-464D-AC72-7F69681C74E8}.Debug|Any CPU.Build.0 = Debug|Any CPU
		{FC65892E-3028-464D-AC72-7F69681C74E8}.Release|Any CPU.ActiveCfg = Release|Any CPU
		{FC65892E-3028-464D-AC72-7F69681C74E8}.Release|Any CPU.Build.0 = Release|Any CPU
		{F30C4512-038F-4471-93DC-A73383D018ED}.Debug|Any CPU.ActiveCfg = Debug|Any CPU
		{F30C4512-038F-4471-93DC-A73383D018ED}.Debug|Any CPU.Build.0 = Debug|Any CPU
		{F30C4512-038F-4471-93DC-A73383D018ED}.Release|Any CPU.ActiveCfg = Release|Any CPU
		{F30C4512-038F-4471-93DC-A73383D018ED}.Release|Any CPU.Build.0 = Release|Any CPU
	EndGlobalSection
	GlobalSection(SolutionProperties) = preSolution
		HideSolutionNode = FALSE
	EndGlobalSection
EndGlobal
